
Microsoft Visual Studio Solution File, Format Version 12.00
# Visual Studio 2013
VisualStudioVersion = 12.0.30723.0
MinimumVisualStudioVersion = 10.0.40219.1
Project("{FAE04EC0-301F-11D3-BF4B-00C04F79EFBC}") = "161025_01-HTML-Intro", "01_HTML-Intro\161025_01-HTML-Intro.csproj", "{3DF04A90-97BC-4CED-99C1-0D22584BDA83}"
EndProject
Project("{FAE04EC0-301F-11D3-BF4B-00C04F79EFBC}") = "161026_02-Html", "161026_Html\161026_02-Html.csproj", "{6C4C739B-CD6E-4D11-91B0-7205F8DA9A55}"
EndProject
Project("{FAE04EC0-301F-11D3-BF4B-00C04F79EFBC}") = "161026_03-Css-Intro", "161026_Html-Css-Intro\161026_03-Css-Intro.csproj", "{796CC930-5BD4-4B0A-8661-6B985D3EE6D8}"
EndProject
Project("{FAE04EC0-301F-11D3-BF4B-00C04F79EFBC}") = "161026_04_HTML5", "161026_04_HTML5\161026_04_HTML5.csproj", "{776ED1C0-94C5-435C-8650-61E5F370AEE0}"
EndProject
Project("{FAE04EC0-301F-11D3-BF4B-00C04F79EFBC}") = "161027_05_CSS-Uygulama", "161027_05_CSS-Uygulama\161027_05_CSS-Uygulama.csproj", "{5BEAE8F4-F98D-4E7D-93DD-52996DAA90BF}"
EndProject
Project("{FAE04EC0-301F-11D3-BF4B-00C04F79EFBC}") = "161031_Maraton_CSS", "161031_Maraton_CSS\161031_Maraton_CSS.csproj", "{01A17C77-47B3-4A11-B1B0-7FA50D4924D7}"
EndProject
Project("{FAE04EC0-301F-11D3-BF4B-00C04F79EFBC}") = "161101_Bootstrap_Intro", "Bootstrap_Intro\161101_Bootstrap_Intro.csproj", "{7E2CA9E5-7712-4634-A341-52D6246E99DC}"
EndProject
Project("{FAE04EC0-301F-11D3-BF4B-00C04F79EFBC}") = "161101_Bootstrap_Uygulama", "Bootstrap_Uygulama\161101_Bootstrap_Uygulama.csproj", "{A318EB24-2E30-4C66-A4E6-CE992204E8A3}"
EndProject
Project("{FAE04EC0-301F-11D3-BF4B-00C04F79EFBC}") = "161103_Javascript", "WebApplication1\161103_Javascript.csproj", "{AB64514A-9BB4-4D5D-A2D8-3D055A86A9A6}"
EndProject
Project("{FAE04EC0-301F-11D3-BF4B-00C04F79EFBC}") = "161103_Javascript_DOM_BOM", "161103_Javascript_DOM_BOM\161103_Javascript_DOM_BOM.csproj", "{1A84B7D2-3B47-45D5-A2DE-D4DBC96D25DB}"
EndProject
Project("{FAE04EC0-301F-11D3-BF4B-00C04F79EFBC}") = "161107_Javascript_Uygulama", "161107_Javascript_Uygulama\161107_Javascript_Uygulama.csproj", "{761BA877-DA38-4F8A-924A-34FB81C4A068}"
EndProject
Project("{FAE04EC0-301F-11D3-BF4B-00C04F79EFBC}") = "161108_JS_Jquery", "161108_JS_Jquery\161108_JS_Jquery.csproj", "{6073318D-2673-4FAB-BD26-CE54D7B64DC4}"
EndProject
Project("{FAE04EC0-301F-11D3-BF4B-00C04F79EFBC}") = "161108_BootstrapJS_Uygulama", "161108_BootstrapJS_Uygulama\161108_BootstrapJS_Uygulama.csproj", "{FA01FE5D-ACDD-452A-8B95-4425678D0A82}"
EndProject
Global
	GlobalSection(SolutionConfigurationPlatforms) = preSolution
		Debug|Any CPU = Debug|Any CPU
		Release|Any CPU = Release|Any CPU
	EndGlobalSection
	GlobalSection(ProjectConfigurationPlatforms) = postSolution
		{3DF04A90-97BC-4CED-99C1-0D22584BDA83}.Debug|Any CPU.ActiveCfg = Debug|Any CPU
		{3DF04A90-97BC-4CED-99C1-0D22584BDA83}.Debug|Any CPU.Build.0 = Debug|Any CPU
		{3DF04A90-97BC-4CED-99C1-0D22584BDA83}.Release|Any CPU.ActiveCfg = Release|Any CPU
		{3DF04A90-97BC-4CED-99C1-0D22584BDA83}.Release|Any CPU.Build.0 = Release|Any CPU
		{6C4C739B-CD6E-4D11-91B0-7205F8DA9A55}.Debug|Any CPU.ActiveCfg = Debug|Any CPU
		{6C4C739B-CD6E-4D11-91B0-7205F8DA9A55}.Debug|Any CPU.Build.0 = Debug|Any CPU
		{6C4C739B-CD6E-4D11-91B0-7205F8DA9A55}.Release|Any CPU.ActiveCfg = Release|Any CPU
		{6C4C739B-CD6E-4D11-91B0-7205F8DA9A55}.Release|Any CPU.Build.0 = Release|Any CPU
		{796CC930-5BD4-4B0A-8661-6B985D3EE6D8}.Debug|Any CPU.ActiveCfg = Debug|Any CPU
		{796CC930-5BD4-4B0A-8661-6B985D3EE6D8}.Debug|Any CPU.Build.0 = Debug|Any CPU
		{796CC930-5BD4-4B0A-8661-6B985D3EE6D8}.Release|Any CPU.ActiveCfg = Release|Any CPU
		{796CC930-5BD4-4B0A-8661-6B985D3EE6D8}.Release|Any CPU.Build.0 = Release|Any CPU
		{776ED1C0-94C5-435C-8650-61E5F370AEE0}.Debug|Any CPU.ActiveCfg = Debug|Any CPU
		{776ED1C0-94C5-435C-8650-61E5F370AEE0}.Debug|Any CPU.Build.0 = Debug|Any CPU
		{776ED1C0-94C5-435C-8650-61E5F370AEE0}.Release|Any CPU.ActiveCfg = Release|Any CPU
		{776ED1C0-94C5-435C-8650-61E5F370AEE0}.Release|Any CPU.Build.0 = Release|Any CPU
		{5BEAE8F4-F98D-4E7D-93DD-52996DAA90BF}.Debug|Any CPU.ActiveCfg = Debug|Any CPU
		{5BEAE8F4-F98D-4E7D-93DD-52996DAA90BF}.Debug|Any CPU.Build.0 = Debug|Any CPU
		{5BEAE8F4-F98D-4E7D-93DD-52996DAA90BF}.Release|Any CPU.ActiveCfg = Release|Any CPU
		{5BEAE8F4-F98D-4E7D-93DD-52996DAA90BF}.Release|Any CPU.Build.0 = Release|Any CPU
		{01A17C77-47B3-4A11-B1B0-7FA50D4924D7}.Debug|Any CPU.ActiveCfg = Debug|Any CPU
		{01A17C77-47B3-4A11-B1B0-7FA50D4924D7}.Debug|Any CPU.Build.0 = Debug|Any CPU
		{01A17C77-47B3-4A11-B1B0-7FA50D4924D7}.Release|Any CPU.ActiveCfg = Release|Any CPU
		{01A17C77-47B3-4A11-B1B0-7FA50D4924D7}.Release|Any CPU.Build.0 = Release|Any CPU
		{7E2CA9E5-7712-4634-A341-52D6246E99DC}.Debug|Any CPU.ActiveCfg = Debug|Any CPU
		{7E2CA9E5-7712-4634-A341-52D6246E99DC}.Debug|Any CPU.Build.0 = Debug|Any CPU
		{7E2CA9E5-7712-4634-A341-52D6246E99DC}.Release|Any CPU.ActiveCfg = Release|Any CPU
		{7E2CA9E5-7712-4634-A341-52D6246E99DC}.Release|Any CPU.Build.0 = Release|Any CPU
		{A318EB24-2E30-4C66-A4E6-CE992204E8A3}.Debug|Any CPU.ActiveCfg = Debug|Any CPU
		{A318EB24-2E30-4C66-A4E6-CE992204E8A3}.Debug|Any CPU.Build.0 = Debug|Any CPU
		{A318EB24-2E30-4C66-A4E6-CE992204E8A3}.Release|Any CPU.ActiveCfg = Release|Any CPU
		{A318EB24-2E30-4C66-A4E6-CE992204E8A3}.Release|Any CPU.Build.0 = Release|Any CPU
		{AB64514A-9BB4-4D5D-A2D8-3D055A86A9A6}.Debug|Any CPU.ActiveCfg = Debug|Any CPU
		{AB64514A-9BB4-4D5D-A2D8-3D055A86A9A6}.Debug|Any CPU.Build.0 = Debug|Any CPU
		{AB64514A-9BB4-4D5D-A2D8-3D055A86A9A6}.Release|Any CPU.ActiveCfg = Release|Any CPU
		{AB64514A-9BB4-4D5D-A2D8-3D055A86A9A6}.Release|Any CPU.Build.0 = Release|Any CPU
		{1A84B7D2-3B47-45D5-A2DE-D4DBC96D25DB}.Debug|Any CPU.ActiveCfg = Debug|Any CPU
		{1A84B7D2-3B47-45D5-A2DE-D4DBC96D25DB}.Debug|Any CPU.Build.0 = Debug|Any CPU
		{1A84B7D2-3B47-45D5-A2DE-D4DBC96D25DB}.Release|Any CPU.ActiveCfg = Release|Any CPU
		{1A84B7D2-3B47-45D5-A2DE-D4DBC96D25DB}.Release|Any CPU.Build.0 = Release|Any CPU
		{761BA877-DA38-4F8A-924A-34FB81C4A068}.Debug|Any CPU.ActiveCfg = Debug|Any CPU
		{761BA877-DA38-4F8A-924A-34FB81C4A068}.Debug|Any CPU.Build.0 = Debug|Any CPU
		{761BA877-DA38-4F8A-924A-34FB81C4A068}.Release|Any CPU.ActiveCfg = Release|Any CPU
		{761BA877-DA38-4F8A-924A-34FB81C4A068}.Release|Any CPU.Build.0 = Release|Any CPU
		{6073318D-2673-4FAB-BD26-CE54D7B64DC4}.Debug|Any CPU.ActiveCfg = Debug|Any CPU
		{6073318D-2673-4FAB-BD26-CE54D7B64DC4}.Debug|Any CPU.Build.0 = Debug|Any CPU
		{6073318D-2673-4FAB-BD26-CE54D7B64DC4}.Release|Any CPU.ActiveCfg = Release|Any CPU
		{6073318D-2673-4FAB-BD26-CE54D7B64DC4}.Release|Any CPU.Build.0 = Release|Any CPU
		{FA01FE5D-ACDD-452A-8B95-4425678D0A82}.Debug|Any CPU.ActiveCfg = Debug|Any CPU
		{FA01FE5D-ACDD-452A-8B95-4425678D0A82}.Debug|Any CPU.Build.0 = Debug|Any CPU
		{FA01FE5D-ACDD-452A-8B95-4425678D0A82}.Release|Any CPU.ActiveCfg = Release|Any CPU
		{FA01FE5D-ACDD-452A-8B95-4425678D0A82}.Release|Any CPU.Build.0 = Release|Any CPU
	EndGlobalSection
	GlobalSection(SolutionProperties) = preSolution
		HideSolutionNode = FALSE
	EndGlobalSection
EndGlobal
